
Microsoft Visual Studio Solution File, Format Version 12.00
# Visual Studio Version 16
VisualStudioVersion = 16.0.29728.190
MinimumVisualStudioVersion = 10.0.40219.1
Project("{FAE04EC0-301F-11D3-BF4B-00C04F79EFBC}") = "ResWander", "ResWander.csproj", "{511CC68D-A67C-4A55-8E07-108A2574D679}"
EndProject
Project("{FAE04EC0-301F-11D3-BF4B-00C04F79EFBC}") = "ResWanderUnitTest", "..\ResWanderUnitTest\ResWanderUnitTest.csproj", "{0A1631F7-7BBA-48EB-8D5A-C3794FD580C9}"
EndProject
Global
	GlobalSection(SolutionConfigurationPlatforms) = preSolution
		Debug|Any CPU = Debug|Any CPU
		Release|Any CPU = Release|Any CPU
	EndGlobalSection
	GlobalSection(ProjectConfigurationPlatforms) = postSolution
		{511CC68D-A67C-4A55-8E07-108A2574D679}.Debug|Any CPU.ActiveCfg = Debug|Any CPU
		{511CC68D-A67C-4A55-8E07-108A2574D679}.Debug|Any CPU.Build.0 = Debug|Any CPU
		{511CC68D-A67C-4A55-8E07-108A2574D679}.Release|Any CPU.ActiveCfg = Release|Any CPU
		{511CC68D-A67C-4A55-8E07-108A2574D679}.Release|Any CPU.Build.0 = Release|Any CPU
		{0A1631F7-7BBA-48EB-8D5A-C3794FD580C9}.Debug|Any CPU.ActiveCfg = Debug|Any CPU
		{0A1631F7-7BBA-48EB-8D5A-C3794FD580C9}.Debug|Any CPU.Build.0 = Debug|Any CPU
		{0A1631F7-7BBA-48EB-8D5A-C3794FD580C9}.Release|Any CPU.ActiveCfg = Release|Any CPU
		{0A1631F7-7BBA-48EB-8D5A-C3794FD580C9}.Release|Any CPU.Build.0 = Release|Any CPU
	EndGlobalSection
	GlobalSection(SolutionProperties) = preSolution
		HideSolutionNode = FALSE
	EndGlobalSection
	GlobalSection(ExtensibilityGlobals) = postSolution
		SolutionGuid = {E426BA1A-935F-4603-B296-83280F93A97B}
	EndGlobalSection
EndGlobal
